
Microsoft Visual Studio Solution File, Format Version 12.00
# Visual Studio Version 17
VisualStudioVersion = 17.14.36511.14 d17.14
MinimumVisualStudioVersion = 10.0.40219.1
Project("{FAE04EC0-301F-11D3-BF4B-00C04F79EFBC}") = "MuzickaKolekcijaConsole", "MuzickaKolekcijaConsole\MuzickaKolekcijaConsole.csproj", "{DC3E6CF8-B7E0-48C1-AFC4-87F9F66C8DFD}"
EndProject
Global
	GlobalSection(SolutionConfigurationPlatforms) = preSolution
		Debug|Any CPU = Debug|Any CPU
		Release|Any CPU = Release|Any CPU
	EndGlobalSection
	GlobalSection(ProjectConfigurationPlatforms) = postSolution
		{DC3E6CF8-B7E0-48C1-AFC4-87F9F66C8DFD}.Debug|Any CPU.ActiveCfg = Debug|Any CPU
		{DC3E6CF8-B7E0-48C1-AFC4-87F9F66C8DFD}.Debug|Any CPU.Build.0 = Debug|Any CPU
		{DC3E6CF8-B7E0-48C1-AFC4-87F9F66C8DFD}.Release|Any CPU.ActiveCfg = Release|Any CPU
		{DC3E6CF8-B7E0-48C1-AFC4-87F9F66C8DFD}.Release|Any CPU.Build.0 = Release|Any CPU
	EndGlobalSection
	GlobalSection(SolutionProperties) = preSolution
		HideSolutionNode = FALSE
	EndGlobalSection
	GlobalSection(ExtensibilityGlobals) = postSolution
		SolutionGuid = {97F1DFC4-D7FE-4D84-BCAF-8F6F0307F066}
	EndGlobalSection
EndGlobal
