
Microsoft Visual Studio Solution File, Format Version 12.00
# Visual Studio Version 17
VisualStudioVersion = 17.14.36511.14 d17.14
MinimumVisualStudioVersion = 10.0.40219.1
Project("{FAE04EC0-301F-11D3-BF4B-00C04F79EFBC}") = "Osoba", "Osoba\Osoba.csproj", "{E398AA85-0247-427B-8503-4CAEEC856B09}"
EndProject
Global
	GlobalSection(SolutionConfigurationPlatforms) = preSolution
		Debug|Any CPU = Debug|Any CPU
		Release|Any CPU = Release|Any CPU
	EndGlobalSection
	GlobalSection(ProjectConfigurationPlatforms) = postSolution
		{E398AA85-0247-427B-8503-4CAEEC856B09}.Debug|Any CPU.ActiveCfg = Debug|Any CPU
		{E398AA85-0247-427B-8503-4CAEEC856B09}.Debug|Any CPU.Build.0 = Debug|Any CPU
		{E398AA85-0247-427B-8503-4CAEEC856B09}.Release|Any CPU.ActiveCfg = Release|Any CPU
		{E398AA85-0247-427B-8503-4CAEEC856B09}.Release|Any CPU.Build.0 = Release|Any CPU
	EndGlobalSection
	GlobalSection(SolutionProperties) = preSolution
		HideSolutionNode = FALSE
	EndGlobalSection
	GlobalSection(ExtensibilityGlobals) = postSolution
		SolutionGuid = {8EF36A04-4753-4DF6-B328-AA25E5E07B2B}
	EndGlobalSection
EndGlobal
